{
  "version": "5",
  "specifiers": {
    "jsr:@b-fuze/deno-dom@~0.1.56": "0.1.56",
    "jsr:@denosaurs/plug@1.1.0": "1.1.0",
    "jsr:@music/audio@*": "0.1.0",
    "jsr:@std/assert@1": "1.0.15",
    "jsr:@std/encoding@1": "1.0.10",
    "jsr:@std/fmt@1": "1.0.8",
    "jsr:@std/fs@1": "1.0.19",
    "jsr:@std/internal@^1.0.10": "1.0.12",
    "jsr:@std/internal@^1.0.12": "1.0.12",
    "jsr:@std/internal@^1.0.9": "1.0.12",
    "jsr:@std/path@1": "1.1.2",
    "jsr:@std/path@^1.1.1": "1.1.2",
    "npm:@testing-library/react@^16.3.0": "16.3.0_@testing-library+dom@10.4.1_@types+react@19.2.2_react@19.2.0_react-dom@19.2.0__react@19.2.0",
    "npm:@tonejs/midi@^2.0.28": "2.0.28",
    "npm:@types/react@^19.2.0": "19.2.2",
    "npm:jzz-midi-smf@^1.9.9": "1.9.9",
    "npm:jzz@^1.9.6": "1.9.6",
    "npm:react@^19.2.0": "19.2.0",
    "npm:tonal@*": "6.4.2",
    "npm:tonal@^6.4.2": "6.4.2"
  },
  "jsr": {
    "@b-fuze/deno-dom@0.1.56": {
      "integrity": "8030e2dc1d8750f1682b53462ab893d9c3470f2287feecbe22f44a88c54ab148",
      "dependencies": [
        "jsr:@denosaurs/plug"
      ]
    },
    "@denosaurs/plug@1.1.0": {
      "integrity": "eb2f0b7546c7bca2000d8b0282c54d50d91cf6d75cb26a80df25a6de8c4bc044",
      "dependencies": [
        "jsr:@std/encoding",
        "jsr:@std/fmt",
        "jsr:@std/fs",
        "jsr:@std/path@1"
      ]
    },
    "@music/audio@0.1.0": {
      "integrity": "b0dec5d55847436968e72f4201e4a4a44e53873ffb00528db83121dfa0962668"
    },
    "@std/assert@1.0.15": {
      "integrity": "d64018e951dbdfab9777335ecdb000c0b4e3df036984083be219ce5941e4703b",
      "dependencies": [
        "jsr:@std/internal@^1.0.12"
      ]
    },
    "@std/encoding@1.0.10": {
      "integrity": "8783c6384a2d13abd5e9e87a7ae0520a30e9f56aeeaa3bdf910a3eaaf5c811a1"
    },
    "@std/fmt@1.0.8": {
      "integrity": "71e1fc498787e4434d213647a6e43e794af4fd393ef8f52062246e06f7e372b7"
    },
    "@std/fs@1.0.19": {
      "integrity": "051968c2b1eae4d2ea9f79a08a3845740ef6af10356aff43d3e2ef11ed09fb06",
      "dependencies": [
        "jsr:@std/internal@^1.0.9",
        "jsr:@std/path@^1.1.1"
      ]
    },
    "@std/internal@1.0.12": {
      "integrity": "972a634fd5bc34b242024402972cd5143eac68d8dffaca5eaa4dba30ce17b027"
    },
    "@std/path@1.1.2": {
      "integrity": "c0b13b97dfe06546d5e16bf3966b1cadf92e1cc83e56ba5476ad8b498d9e3038",
      "dependencies": [
        "jsr:@std/internal@^1.0.10"
      ]
    }
  },
  "npm": {
    "@babel/code-frame@7.27.1": {
      "integrity": "sha512-cjQ7ZlQ0Mv3b47hABuTevyTuYN4i+loJKGeV9flcCgIK37cCXRh+L1bd3iBHlynerhQ7BhCkn2BPbQUL+rGqFg==",
      "dependencies": [
        "@babel/helper-validator-identifier",
        "js-tokens",
        "picocolors"
      ]
    },
    "@babel/helper-validator-identifier@7.28.5": {
      "integrity": "sha512-qSs4ifwzKJSV39ucNjsvc6WVHs6b7S03sOh2OcHF9UHfVPqWWALUsNUVzhSBiItjRZoLHx7nIarVjqKVusUZ1Q=="
    },
    "@babel/runtime@7.28.4": {
      "integrity": "sha512-Q/N6JNWvIvPnLDvjlE1OUBLPQHH6l3CltCEsHIujp45zQUSSh8K+gHnaEX45yAT1nyngnINhvWtzN+Nb9D8RAQ=="
    },
    "@testing-library/dom@10.4.1": {
      "integrity": "sha512-o4PXJQidqJl82ckFaXUeoAW+XysPLauYI43Abki5hABd853iMhitooc6znOnczgbTYmEP6U6/y1ZyKAIsvMKGg==",
      "dependencies": [
        "@babel/code-frame",
        "@babel/runtime",
        "@types/aria-query",
        "aria-query",
        "dom-accessibility-api",
        "lz-string",
        "picocolors",
        "pretty-format"
      ]
    },
    "@testing-library/react@16.3.0_@testing-library+dom@10.4.1_@types+react@19.2.2_react@19.2.0_react-dom@19.2.0__react@19.2.0": {
      "integrity": "sha512-kFSyxiEDwv1WLl2fgsq6pPBbw5aWKrsY2/noi1Id0TK0UParSF62oFQFGHXIyaG4pp2tEub/Zlel+fjjZILDsw==",
      "dependencies": [
        "@babel/runtime",
        "@testing-library/dom",
        "@types/react",
        "react",
        "react-dom"
      ],
      "optionalPeers": [
        "@types/react"
      ]
    },
    "@tonaljs/abc-notation@4.9.1": {
      "integrity": "sha512-2fDUdPsFDdgZgyIiZCTYGKy30QiwIQxSXCSN2thGrSMXbQKCp8iTC8haStYcrA+25MPWhWlmvC/pz3tGcTNAqQ==",
      "dependencies": [
        "@tonaljs/pitch-distance",
        "@tonaljs/pitch-note"
      ]
    },
    "@tonaljs/array@4.8.4": {
      "integrity": "sha512-97HVdpZy82PqNBDMM9PRSbO2DUrnxNg3++N4xqLpfby70fKHAHhTWrMXWZK+Dzs76HDPQLd+qhd4cq28eBZzjw==",
      "dependencies": [
        "@tonaljs/pitch-note"
      ]
    },
    "@tonaljs/chord-detect@4.9.1": {
      "integrity": "sha512-rV/9+R7aZ9cQorQ3jdNMMMh63onosglYZM71Q0n7KKcWMAGrxF66MzxBG82xy+w1QDMJQslB3iHfDHUiS6wRjA==",
      "dependencies": [
        "@tonaljs/chord-type",
        "@tonaljs/pcset",
        "@tonaljs/pitch-note"
      ]
    },
    "@tonaljs/chord-type@5.1.1": {
      "integrity": "sha512-ti4WzRYvvjH7to0G3zlJFq7WsjHqmcqbk8Jv98aZSR5YumLdY/ua2yOPPyoPq82n6vfgjZsacnAZ3v8/SodOcw==",
      "dependencies": [
        "@tonaljs/pcset"
      ]
    },
    "@tonaljs/chord@6.1.1": {
      "integrity": "sha512-gsLyGGkOt0g5L/uF4ICpYQengahW3WAMjckyvyzvqMYpvH7fokmtcymOfbltDQzaVuYuL0TsVmbfjbah2rKEww==",
      "dependencies": [
        "@tonaljs/chord-detect",
        "@tonaljs/chord-type",
        "@tonaljs/collection",
        "@tonaljs/interval",
        "@tonaljs/pcset",
        "@tonaljs/pitch-distance",
        "@tonaljs/pitch-note",
        "@tonaljs/scale-type"
      ]
    },
    "@tonaljs/collection@4.9.0": {
      "integrity": "sha512-Mk0h7O54nT6PgNVcUYauzxa5KOB23+0AOKudWzRH7JhJIN9vhVIC7PtwZXE+/G051UTbHSFIcN/afkgF4nB/8A=="
    },
    "@tonaljs/core@5.0.2": {
      "integrity": "sha512-v/fIRsB+lz93/yJnDEWvjDX6nDJ/Pz3cb0znm/UD8qKpN9BhN+v93iIaZG5LX0J2JNS35TtgIhwKFO10j6zieQ==",
      "dependencies": [
        "@tonaljs/pitch",
        "@tonaljs/pitch-distance",
        "@tonaljs/pitch-interval",
        "@tonaljs/pitch-note"
      ]
    },
    "@tonaljs/duration-value@4.9.0": {
      "integrity": "sha512-Muz54HyIe0nMYKWx6wyTa4y17ma29DtpJF4/oqJphy6A124rAVDe/SKit8JGOvDYAQj71FUXqs17sXBxO/ExVw=="
    },
    "@tonaljs/interval@5.1.0": {
      "integrity": "sha512-GR9dUjn0j7yhjwjRh8HQxZYXOiVl05WfY3AFyMB9rfg807K4dSJmWfPTULPQXyHJ6NiZOPXcwRs8MxMLDxgdbg==",
      "dependencies": [
        "@tonaljs/pitch",
        "@tonaljs/pitch-distance",
        "@tonaljs/pitch-interval"
      ]
    },
    "@tonaljs/key@4.11.2": {
      "integrity": "sha512-fc1y5+NwS4S3amirzYLLB324PxJDO00oIBbLJclAddc46UBeYnu4FNz+1nZboHCXRQ/06/ftuaWD/l7HrAoulw==",
      "dependencies": [
        "@tonaljs/note",
        "@tonaljs/pitch-note",
        "@tonaljs/roman-numeral"
      ]
    },
    "@tonaljs/midi@4.10.2": {
      "integrity": "sha512-MPamXhEwPL7L1udLfYMm3Ft8mLYtHr62Zi2w5zYHM2P7YwIvNoiX0+dvAN5is1Wvq4iVRa8AjFHerjOW/SZhGg==",
      "dependencies": [
        "@tonaljs/pitch-note"
      ]
    },
    "@tonaljs/mode@4.9.1": {
      "integrity": "sha512-h+K7eOUKpyX7kMRCwCew6cV1oN0sZYD5LLeKD7zEERNd/6wvGBfGCdMZECGqzpFUmjUyCY87IOntem6EPbKVCg==",
      "dependencies": [
        "@tonaljs/collection",
        "@tonaljs/interval",
        "@tonaljs/pcset",
        "@tonaljs/pitch-distance",
        "@tonaljs/pitch-note",
        "@tonaljs/scale-type"
      ]
    },
    "@tonaljs/note@4.12.1": {
      "integrity": "sha512-yh6cnhu21bUb0VuIQWxObSbWBVp2cHIkJj4zZ4qsNOW4jSqn74+wHpSbOTDF8q+2hl6upz7TtBRavtqwPtLUCQ==",
      "dependencies": [
        "@tonaljs/midi",
        "@tonaljs/pitch",
        "@tonaljs/pitch-distance",
        "@tonaljs/pitch-interval",
        "@tonaljs/pitch-note"
      ]
    },
    "@tonaljs/pcset@4.10.1": {
      "integrity": "sha512-CZG1rpKc38yMfpEJsbDTvsTmQqsek9xxcuMgK64Tr6sP1lEiDuZJbQeKVWWRnreBF2FQ1cEGLmfOpvSO+40csA==",
      "dependencies": [
        "@tonaljs/collection",
        "@tonaljs/pitch",
        "@tonaljs/pitch-distance",
        "@tonaljs/pitch-interval",
        "@tonaljs/pitch-note"
      ]
    },
    "@tonaljs/pitch-distance@5.0.5": {
      "integrity": "sha512-dTfjsU0zyrj5YmiFio5prPaD5w7sBmHp4nnmlEg70nHY+SerAH0KiO9HM9usttVgRFUaXl0Gc7OI8YMGfSFmug==",
      "dependencies": [
        "@tonaljs/pitch",
        "@tonaljs/pitch-interval",
        "@tonaljs/pitch-note"
      ]
    },
    "@tonaljs/pitch-interval@6.1.0": {
      "integrity": "sha512-9ZMxA7V4UgySnOKPIG6HECzhDb8mbiTCIdNNIzCIfz5XpjUmohku2YZpVVWMacLHgyeQicJzNoRiPel5oSAn4A==",
      "dependencies": [
        "@tonaljs/pitch"
      ]
    },
    "@tonaljs/pitch-note@6.1.0": {
      "integrity": "sha512-A4OSLo8DjM38u73862LnDmL4YInDDRBmg0fojXcvu4cyU3oOlqndyeHOra1OVoH/WW46uNIxNs1wJDZNPWL5KQ==",
      "dependencies": [
        "@tonaljs/pitch"
      ]
    },
    "@tonaljs/pitch@5.0.2": {
      "integrity": "sha512-mxaXJPPe+LIJdjzpZEl8I8Wx3dEvlzkBbsr2Ltwc2dTAdnErAZ5R0TxVq2egF27lMvQN2QPQPWI9iDPPdVUmrg=="
    },
    "@tonaljs/progression@4.9.1": {
      "integrity": "sha512-jHdZUNlXRmjrvbZrvjoW6syW7dO9ilhgvyouB6YuVM5lGShwTN9dsSuQYsugso9jYHkwQBgYj5SaXTTY0/0nHw==",
      "dependencies": [
        "@tonaljs/chord",
        "@tonaljs/pitch-distance",
        "@tonaljs/pitch-interval",
        "@tonaljs/pitch-note",
        "@tonaljs/roman-numeral"
      ]
    },
    "@tonaljs/range@4.9.2": {
      "integrity": "sha512-XhFbCJCrEEIVz3MNmdVp9QUyiJA6eqnNnQeNqto8AuT5BYuffHDoMkBmvvjPuV5Lh8zfF9D0aqglvqPbZ+neKQ==",
      "dependencies": [
        "@tonaljs/collection",
        "@tonaljs/midi"
      ]
    },
    "@tonaljs/rhythm-pattern@1.0.0": {
      "integrity": "sha512-3hp4Yw49e6BTWApRNb7arJ6HiICsHRFZYijuPE+vR93lIo9+lxcOMh0OPc4DyupTN7cvFTSB70Z7B/IeEJxhCQ=="
    },
    "@tonaljs/roman-numeral@4.9.1": {
      "integrity": "sha512-dJGKBNHdPrNTE97ZDk4t6wpNmgYcpHyLkAvWkRP9I/HsDkeTFFQqNXosYIvspPWrFySlRpeqqFwcqV74MYoOag==",
      "dependencies": [
        "@tonaljs/pitch",
        "@tonaljs/pitch-interval",
        "@tonaljs/pitch-note"
      ]
    },
    "@tonaljs/scale-type@4.9.1": {
      "integrity": "sha512-Nz2wThzz5NmWNx0vazX7MqNbF8kT1g5BEcbZcWjgkc67zhwosfZE0LEn7W9XcVDEws71b8CqQqDPKUEEybC9Rw==",
      "dependencies": [
        "@tonaljs/pcset"
      ]
    },
    "@tonaljs/scale@4.13.3": {
      "integrity": "sha512-IcPMpOm6gMQJ3A2IXZ5dN0wOhHIUonQY8abTql4BrwcVCUaItXWQfSd9t1HII+2kA6J8JCeY2BukTr6wVwAhXQ==",
      "dependencies": [
        "@tonaljs/chord-type",
        "@tonaljs/collection",
        "@tonaljs/note",
        "@tonaljs/pcset",
        "@tonaljs/pitch-distance",
        "@tonaljs/pitch-note",
        "@tonaljs/scale-type"
      ]
    },
    "@tonaljs/time-signature@4.9.0": {
      "integrity": "sha512-zRo8CBqg/2guzTlF2vxyVIuB5gmwWQaxlknJPUSDII8CTdQ/x3a1LlNoMKkvTUnqwCihe3WrNPZ5XUfOOTthYA=="
    },
    "@tonaljs/voice-leading@5.1.2": {
      "integrity": "sha512-lV5hsDZC4ekhh465d2aVFFqyG9AOZvwKdxU1+dNB/P6ldefU1yHC10mKdY7FrdhVgKeGZG1MbJh8rETaKVg7vA==",
      "dependencies": [
        "@tonaljs/note"
      ]
    },
    "@tonaljs/voicing-dictionary@5.1.2": {
      "integrity": "sha512-Rsfz70rAXoBB3aUUgtOwaJzPVRk6icyzVzSjUonqUsWq4jWCavv0QOO6yOODQ22SzyzWMv2vFDfIYRj7f1fXNQ==",
      "dependencies": [
        "@tonaljs/chord",
        "@tonaljs/note",
        "@tonaljs/voice-leading"
      ]
    },
    "@tonaljs/voicing@5.1.2": {
      "integrity": "sha512-Zk/8yPV+POxXq7bk9DermlTF86AmVxzN1ZNzK+hNtHF29Zah+w0xz+rEzKhQtU4q9vuqB4iGQO0q76VcbIDMew==",
      "dependencies": [
        "@tonaljs/chord",
        "@tonaljs/interval",
        "@tonaljs/note",
        "@tonaljs/range",
        "@tonaljs/voice-leading",
        "@tonaljs/voicing-dictionary"
      ]
    },
    "@tonejs/midi@2.0.28": {
      "integrity": "sha512-RII6YpInPsOZ5t3Si/20QKpNqB1lZ2OCFJSOzJxz38YdY/3zqDr3uaml4JuCWkdixuPqP1/TBnXzhQ39csyoVg==",
      "dependencies": [
        "array-flatten",
        "midi-file"
      ]
    },
    "@types/aria-query@5.0.4": {
      "integrity": "sha512-rfT93uj5s0PRL7EzccGMs3brplhcrghnDoV26NqKhCAS1hVo+WdNsPvE/yb6ilfr5hi2MEk6d5EWJTKdxg8jVw=="
    },
    "@types/react@19.2.2": {
      "integrity": "sha512-6mDvHUFSjyT2B2yeNx2nUgMxh9LtOWvkhIU3uePn2I2oyNymUAX1NIsdgviM4CH+JSrp2D2hsMvJOkxY+0wNRA==",
      "dependencies": [
        "csstype"
      ]
    },
    "ansi-regex@5.0.1": {
      "integrity": "sha512-quJQXlTSUGL2LH9SUXo8VwsY4soanhgo6LNSm84E1LBcE8s3O0wpdiRzyR9z/ZZJMlMWv37qOOb9pdJlMUEKFQ=="
    },
    "ansi-styles@5.2.0": {
      "integrity": "sha512-Cxwpt2SfTzTtXcfOlzGEee8O+c+MmUgGrNiBcXnuWxuFJHe6a5Hz7qwhwe5OgaSYI0IJvkLqWX1ASG+cJOkEiA=="
    },
    "aria-query@5.3.0": {
      "integrity": "sha512-b0P0sZPKtyu8HkeRAfCq0IfURZK+SuwMjY1UXGBU27wpAiTwQAIlq56IbIO+ytk/JjS1fMR14ee5WBBfKi5J6A==",
      "dependencies": [
        "dequal"
      ]
    },
    "array-flatten@3.0.0": {
      "integrity": "sha512-zPMVc3ZYlGLNk4mpK1NzP2wg0ml9t7fUgDsayR5Y5rSzxQilzR9FGu/EH2jQOcKSAeAfWeylyW8juy3OkWRvNA=="
    },
    "csstype@3.1.3": {
      "integrity": "sha512-M1uQkMl8rQK/szD0LNhtqxIPLpimGm8sOBwU7lLnCpSbTyY3yeU1Vc7l4KT5zT4s/yOxHH5O7tIuuLOCnLADRw=="
    },
    "dequal@2.0.3": {
      "integrity": "sha512-0je+qPKHEMohvfRTCEo3CrPG6cAzAYgmzKyxRiYSSDkS6eGJdyVJm7WaYA5ECaAD9wLB2T4EEeymA5aFVcYXCA=="
    },
    "dom-accessibility-api@0.5.16": {
      "integrity": "sha512-X7BJ2yElsnOJ30pZF4uIIDfBEVgF4XEBxL9Bxhy6dnrm5hkzqmsWHGTiHqRiITNhMyFLyAiWndIJP7Z1NTteDg=="
    },
    "jazz-midi@1.7.9": {
      "integrity": "sha512-c8c4BBgwxdsIr1iVm53nadCrtH7BUlnX3V95ciK/gbvXN/ndE5+POskBalXgqlc/r9p2XUbdLTrgrC6fou5p9w=="
    },
    "js-tokens@4.0.0": {
      "integrity": "sha512-RdJUflcE3cUzKiMqQgsCu06FPu9UdIJO0beYbPhHN4k6apgJtifcoCtT9bcxOpYBtpD2kCM6Sbzg4CausW/PKQ=="
    },
    "jzz-midi-smf@1.9.9": {
      "integrity": "sha512-A6PT/JVohcryitVgWvCKQyUVV/ISaPPG3lvLImi8v4PoWVxr0IUJZsTmh5j5gNVOoJfAJ7vvKehvig+FdGIkfw==",
      "dependencies": [
        "jzz"
      ]
    },
    "jzz@1.9.6": {
      "integrity": "sha512-J7ENLhXwfm2BNDKRUrL8eKtPhUS/CtMBpiafxQHDBcOWSocLhearDKEdh+ylnZFcr5OXWTed0gj6l/txeQA9vg==",
      "dependencies": [
        "jazz-midi"
      ]
    },
    "lz-string@1.5.0": {
      "integrity": "sha512-h5bgJWpxJNswbU7qCrV0tIKQCaS3blPDrqKWx+QxzuzL1zGUzij9XCWLrSLsJPu5t+eWA/ycetzYAO5IOMcWAQ==",
      "bin": true
    },
    "midi-file@1.2.4": {
      "integrity": "sha512-B5SnBC6i2bwJIXTY9MElIydJwAmnKx+r5eJ1jknTLetzLflEl0GWveuBB6ACrQpecSRkOB6fhTx1PwXk2BVxnA=="
    },
    "picocolors@1.1.1": {
      "integrity": "sha512-xceH2snhtb5M9liqDsmEw56le376mTZkEX/jEb/RxNFyegNul7eNslCXP9FDj/Lcu0X8KEyMceP2ntpaHrDEVA=="
    },
    "pretty-format@27.5.1": {
      "integrity": "sha512-Qb1gy5OrP5+zDf2Bvnzdl3jsTf1qXVMazbvCoKhtKqVs4/YK4ozX4gKQJJVyNe+cajNPn0KoC0MC3FUmaHWEmQ==",
      "dependencies": [
        "ansi-regex",
        "ansi-styles",
        "react-is"
      ]
    },
    "react-dom@19.2.0_react@19.2.0": {
      "integrity": "sha512-UlbRu4cAiGaIewkPyiRGJk0imDN2T3JjieT6spoL2UeSf5od4n5LB/mQ4ejmxhCFT1tYe8IvaFulzynWovsEFQ==",
      "dependencies": [
        "react",
        "scheduler"
      ]
    },
    "react-is@17.0.2": {
      "integrity": "sha512-w2GsyukL62IJnlaff/nRegPQR94C/XXamvMWmSHRJ4y7Ts/4ocGRmTHvOs8PSE6pB3dWOrD/nueuU5sduBsQ4w=="
    },
    "react@19.2.0": {
      "integrity": "sha512-tmbWg6W31tQLeB5cdIBOicJDJRR2KzXsV7uSK9iNfLWQ5bIZfxuPEHp7M8wiHyHnn0DD1i7w3Zmin0FtkrwoCQ=="
    },
    "scheduler@0.27.0": {
      "integrity": "sha512-eNv+WrVbKu1f3vbYJT/xtiF5syA5HPIMtf9IgY/nKg0sWqzAUEvqY/xm7OcZc/qafLx/iO9FgOmeSAp4v5ti/Q=="
    },
    "tonal@6.4.2": {
      "integrity": "sha512-3o2ZQCZk8SsiaGGD+XQ7ntyL/06gwN4v7kbFhfkXOUPGGDMX3qEhOckWSf7SRm8nvyOGywxHlP30zO+1Y4SWgg==",
      "dependencies": [
        "@tonaljs/abc-notation",
        "@tonaljs/array",
        "@tonaljs/chord",
        "@tonaljs/chord-type",
        "@tonaljs/collection",
        "@tonaljs/core",
        "@tonaljs/duration-value",
        "@tonaljs/interval",
        "@tonaljs/key",
        "@tonaljs/midi",
        "@tonaljs/mode",
        "@tonaljs/note",
        "@tonaljs/pcset",
        "@tonaljs/progression",
        "@tonaljs/range",
        "@tonaljs/rhythm-pattern",
        "@tonaljs/roman-numeral",
        "@tonaljs/scale",
        "@tonaljs/scale-type",
        "@tonaljs/time-signature",
        "@tonaljs/voice-leading",
        "@tonaljs/voicing",
        "@tonaljs/voicing-dictionary"
      ]
    }
  },
  "workspace": {
    "dependencies": [
      "jsr:@b-fuze/deno-dom@~0.1.56",
      "jsr:@music/audio@*",
      "jsr:@std/assert@1",
      "npm:@testing-library/react@^16.3.0",
      "npm:@tonejs/midi@^2.0.28",
      "npm:@types/react@^19.2.0",
      "npm:jzz-midi-smf@^1.9.9",
      "npm:jzz@^1.9.6",
      "npm:react-dom@^19.2.0",
      "npm:react@^19.2.0",
      "npm:tonal@^6.4.2"
    ]
  }
}
